Microsoft Visual Studio Solution File, Format Version 12.00
# Visual Studio 15
VisualStudioVersion = 15.0.27130.2020
MinimumVisualStudioVersion = 10.0.40219.1
Project("{8BC9CEB8-8B4A-11D0-8D11-00A0C91BC942}") = "CAN", "CAN\CAN.vcxproj", "{FF1EEC68-F50D-4C7B-98EE-1B8786637F41}"
EndProject
Project("{8BC9CEB8-8B4A-11D0-8D11-00A0C91BC942}") = "GlobalEventHandler", "GlobalEventHandler\GlobalEventHandler.vcxproj", "{FEC3D83E-F31E-4913-9726-4C1C1F9DBF5F}"
EndProject
Project("{8BC9CEB8-8B4A-11D0-8D11-00A0C91BC942}") = "LIN", "LIN\LIN.vcxproj", "{71F132A0-8880-49E5-8FA3-DFBC069FB503}"
EndProject
Project("{8BC9CEB8-8B4A-11D0-8D11-00A0C91BC942}") = "Signal", "Signal\Signal.vcxproj", "{2381756E-3793-4EC2-8AE2-C5CCAD1E1385}"
EndProject
Project("{8BC9CEB8-8B4A-11D0-8D11-00A0C91BC942}") = "SystemVariables", "SystemVariables\SystemVariables.vcxproj", "{1FEC36B2-CF07-45E4-9862-F4093950E3C2}"
EndProject
Project("{8BC9CEB8-8B4A-11D0-8D11-00A0C91BC942}") = "Timer", "Timer\Timer.vcxproj", "{3506259D-A393-4852-B022-30870BEDB688}"
EndProject
Project("{8BC9CEB8-8B4A-11D0-8D11-00A0C91BC942}") = "COFunction", "COFunction\COFunction.vcxproj", "{BCD89CA1-09AC-4833-A815-1E910BF04206}"
EndProject
Project("{8BC9CEB8-8B4A-11D0-8D11-00A0C91BC942}") = "COSignal", "COSignal\COSignal.vcxproj", "{F4FA8105-BE93-4C22-A045-38AEB0ABA981}"
EndProject
Project("{8BC9CEB8-8B4A-11D0-8D11-00A0C91BC942}") = "ServiceDiscovery", "ServiceDiscovery\ServiceDiscovery.vcxproj", "{E979468B-197A-4C02-9FA8-86E215DC1BBA}"
EndProject
Global
	GlobalSection(SolutionConfigurationPlatforms) = preSolution
		Debug|Win32 = Debug|Win32
		Release|Win32 = Release|Win32
	EndGlobalSection
	GlobalSection(ProjectConfigurationPlatforms) = postSolution
		{FF1EEC68-F50D-4C7B-98EE-1B8786637F41}.Debug|Win32.ActiveCfg = Debug|Win32
		{FF1EEC68-F50D-4C7B-98EE-1B8786637F41}.Debug|Win32.Build.0 = Debug|Win32
		{FF1EEC68-F50D-4C7B-98EE-1B8786637F41}.Release|Win32.ActiveCfg = Release|Win32
		{FF1EEC68-F50D-4C7B-98EE-1B8786637F41}.Release|Win32.Build.0 = Release|Win32
		{FEC3D83E-F31E-4913-9726-4C1C1F9DBF5F}.Debug|Win32.ActiveCfg = Debug|Win32
		{FEC3D83E-F31E-4913-9726-4C1C1F9DBF5F}.Debug|Win32.Build.0 = Debug|Win32
		{FEC3D83E-F31E-4913-9726-4C1C1F9DBF5F}.Release|Win32.ActiveCfg = Release|Win32
		{FEC3D83E-F31E-4913-9726-4C1C1F9DBF5F}.Release|Win32.Build.0 = Release|Win32
		{71F132A0-8880-49E5-8FA3-DFBC069FB503}.Debug|Win32.ActiveCfg = Debug|Win32
		{71F132A0-8880-49E5-8FA3-DFBC069FB503}.Debug|Win32.Build.0 = Debug|Win32
		{71F132A0-8880-49E5-8FA3-DFBC069FB503}.Release|Win32.ActiveCfg = Release|Win32
		{71F132A0-8880-49E5-8FA3-DFBC069FB503}.Release|Win32.Build.0 = Release|Win32
		{2381756E-3793-4EC2-8AE2-C5CCAD1E1385}.Debug|Win32.ActiveCfg = Debug|Win32
		{2381756E-3793-4EC2-8AE2-C5CCAD1E1385}.Debug|Win32.Build.0 = Debug|Win32
		{2381756E-3793-4EC2-8AE2-C5CCAD1E1385}.Release|Win32.ActiveCfg = Release|Win32
		{2381756E-3793-4EC2-8AE2-C5CCAD1E1385}.Release|Win32.Build.0 = Release|Win32
		{1FEC36B2-CF07-45E4-9862-F4093950E3C2}.Debug|Win32.ActiveCfg = Debug|Win32
		{1FEC36B2-CF07-45E4-9862-F4093950E3C2}.Debug|Win32.Build.0 = Debug|Win32
		{1FEC36B2-CF07-45E4-9862-F4093950E3C2}.Release|Win32.ActiveCfg = Release|Win32
		{1FEC36B2-CF07-45E4-9862-F4093950E3C2}.Release|Win32.Build.0 = Release|Win32
		{3506259D-A393-4852-B022-30870BEDB688}.Debug|Win32.ActiveCfg = Debug|Win32
		{3506259D-A393-4852-B022-30870BEDB688}.Debug|Win32.Build.0 = Debug|Win32
		{3506259D-A393-4852-B022-30870BEDB688}.Release|Win32.ActiveCfg = Release|Win32
		{3506259D-A393-4852-B022-30870BEDB688}.Release|Win32.Build.0 = Release|Win32
		{BCD89CA1-09AC-4833-A815-1E910BF04206}.Debug|Win32.ActiveCfg = Debug|Win32
		{BCD89CA1-09AC-4833-A815-1E910BF04206}.Debug|Win32.Build.0 = Debug|Win32
		{BCD89CA1-09AC-4833-A815-1E910BF04206}.Release|Win32.ActiveCfg = Release|Win32
		{BCD89CA1-09AC-4833-A815-1E910BF04206}.Release|Win32.Build.0 = Release|Win32
		{F4FA8105-BE93-4C22-A045-38AEB0ABA981}.Debug|Win32.ActiveCfg = Debug|Win32
		{F4FA8105-BE93-4C22-A045-38AEB0ABA981}.Debug|Win32.Build.0 = Debug|Win32
		{F4FA8105-BE93-4C22-A045-38AEB0ABA981}.Release|Win32.ActiveCfg = Release|Win32
		{F4FA8105-BE93-4C22-A045-38AEB0ABA981}.Release|Win32.Build.0 = Release|Win32
		{E979468B-197A-4C02-9FA8-86E215DC1BBA}.Debug|Win32.ActiveCfg = Debug|Win32
		{E979468B-197A-4C02-9FA8-86E215DC1BBA}.Debug|Win32.Build.0 = Debug|Win32
		{E979468B-197A-4C02-9FA8-86E215DC1BBA}.Release|Win32.ActiveCfg = Release|Win32
		{E979468B-197A-4C02-9FA8-86E215DC1BBA}.Release|Win32.Build.0 = Release|Win32
	EndGlobalSection
	GlobalSection(SolutionProperties) = preSolution
		HideSolutionNode = FALSE
	EndGlobalSection
	GlobalSection(ExtensibilityGlobals) = postSolution
		SolutionGuid = {B2126C54-BF84-4013-810E-5EB671F6349A}
	EndGlobalSection
EndGlobal
