Microsoft Visual Studio Solution File, Format Version 9.00
# Visual Studio 2005
Project("{FAE04EC0-301F-11D3-BF4B-00C04F79EFBC}") = "CSharpDisplay", "CSharpDisplay\CSharpDisplay.csproj", "{AEF96A3A-BB9B-45B1-B384-93035FC7FAA2}"
EndProject
Project("{FAE04EC0-301F-11D3-BF4B-00C04F79EFBC}") = "CSharpControl", "CSharpControl\CSharpControl.csproj", "{87AC7A1D-BC23-47D0-82D2-E941F8270D6F}"
EndProject
Project("{F184B08F-C81C-45F6-A57F-5ABD9991F28F}") = "VBNetControl", "VBNetControl\VBNetControl.vbproj", "{A2351505-2B91-455D-969E-AF7D045C39D3}"
EndProject
Project("{F184B08F-C81C-45F6-A57F-5ABD9991F28F}") = "VBNetDisplay", "VBNetDisplay\VBNetDisplay.vbproj", "{D0B6DE02-86D0-43EC-8F0E-234E50161D56}"
EndProject
Global
	GlobalSection(SolutionConfigurationPlatforms) = preSolution
		Debug|Any CPU = Debug|Any CPU
		Release|Any CPU = Release|Any CPU
	EndGlobalSection
	GlobalSection(ProjectConfigurationPlatforms) = postSolution
		{AEF96A3A-BB9B-45B1-B384-93035FC7FAA2}.Debug|Any CPU.ActiveCfg = Debug|Any CPU
		{AEF96A3A-BB9B-45B1-B384-93035FC7FAA2}.Debug|Any CPU.Build.0 = Debug|Any CPU
		{AEF96A3A-BB9B-45B1-B384-93035FC7FAA2}.Release|Any CPU.ActiveCfg = Release|Any CPU
		{AEF96A3A-BB9B-45B1-B384-93035FC7FAA2}.Release|Any CPU.Build.0 = Release|Any CPU
		{87AC7A1D-BC23-47D0-82D2-E941F8270D6F}.Debug|Any CPU.ActiveCfg = Debug|Any CPU
		{87AC7A1D-BC23-47D0-82D2-E941F8270D6F}.Debug|Any CPU.Build.0 = Debug|Any CPU
		{87AC7A1D-BC23-47D0-82D2-E941F8270D6F}.Release|Any CPU.ActiveCfg = Release|Any CPU
		{87AC7A1D-BC23-47D0-82D2-E941F8270D6F}.Release|Any CPU.Build.0 = Release|Any CPU
		{A2351505-2B91-455D-969E-AF7D045C39D3}.Debug|Any CPU.ActiveCfg = Debug|Any CPU
		{A2351505-2B91-455D-969E-AF7D045C39D3}.Debug|Any CPU.Build.0 = Debug|Any CPU
		{A2351505-2B91-455D-969E-AF7D045C39D3}.Release|Any CPU.ActiveCfg = Release|Any CPU
		{A2351505-2B91-455D-969E-AF7D045C39D3}.Release|Any CPU.Build.0 = Release|Any CPU
		{D0B6DE02-86D0-43EC-8F0E-234E50161D56}.Debug|Any CPU.ActiveCfg = Debug|Any CPU
		{D0B6DE02-86D0-43EC-8F0E-234E50161D56}.Debug|Any CPU.Build.0 = Debug|Any CPU
		{D0B6DE02-86D0-43EC-8F0E-234E50161D56}.Release|Any CPU.ActiveCfg = Release|Any CPU
		{D0B6DE02-86D0-43EC-8F0E-234E50161D56}.Release|Any CPU.Build.0 = Release|Any CPU
	EndGlobalSection
	GlobalSection(SolutionProperties) = preSolution
		HideSolutionNode = FALSE
	EndGlobalSection
EndGlobal
