
Microsoft Visual Studio Solution File, Format Version 11.00
# Visual Studio 2010
Project("{FAE04EC0-301F-11D3-BF4B-00C04F79EFBC}") = "COM_Csharp_CANoe_Demo", "COM_Csharp_CANoe_Demo.csproj", "{0564400B-4F0D-4D56-9A4C-95DCAAC5BA86}"
EndProject
Global
	GlobalSection(SolutionConfigurationPlatforms) = preSolution
		Debug|Any CPU = Debug|Any CPU
		Debug|x86 = Debug|x86
		Release|Any CPU = Release|Any CPU
		Release|x86 = Release|x86
	EndGlobalSection
	GlobalSection(ProjectConfigurationPlatforms) = postSolution
		{0564400B-4F0D-4D56-9A4C-95DCAAC5BA86}.Debug|Any CPU.ActiveCfg = Debug|Any CPU
		{0564400B-4F0D-4D56-9A4C-95DCAAC5BA86}.Debug|Any CPU.Build.0 = Debug|Any CPU
		{0564400B-4F0D-4D56-9A4C-95DCAAC5BA86}.Debug|x86.ActiveCfg = Debug|x86
		{0564400B-4F0D-4D56-9A4C-95DCAAC5BA86}.Debug|x86.Build.0 = Debug|x86
		{0564400B-4F0D-4D56-9A4C-95DCAAC5BA86}.Release|Any CPU.ActiveCfg = Release|Any CPU
		{0564400B-4F0D-4D56-9A4C-95DCAAC5BA86}.Release|Any CPU.Build.0 = Release|Any CPU
		{0564400B-4F0D-4D56-9A4C-95DCAAC5BA86}.Release|x86.ActiveCfg = Release|Any CPU
		{0564400B-4F0D-4D56-9A4C-95DCAAC5BA86}.Release|x86.Build.0 = Release|Any CPU
	EndGlobalSection
	GlobalSection(SolutionProperties) = preSolution
		HideSolutionNode = FALSE
	EndGlobalSection
EndGlobal
