
Microsoft Visual Studio Solution File, Format Version 12.00
# Visual Studio 15
VisualStudioVersion = 15.0.27130.2020
MinimumVisualStudioVersion = 10.0.40219.1
Project("{8BC9CEB8-8B4A-11D0-8D11-00A0C91BC942}") = "Client", "Client.vcxproj", "{C09EBA4A-9844-45D0-8D23-F51304C43478}"
EndProject
Global
	GlobalSection(SolutionConfigurationPlatforms) = preSolution
		Debug|Win32 = Debug|Win32
		Release|Win32 = Release|Win32
	EndGlobalSection
	GlobalSection(ProjectConfigurationPlatforms) = postSolution
		{C09EBA4A-9844-45D0-8D23-F51304C43478}.Debug|Win32.ActiveCfg = Debug|Win32
		{C09EBA4A-9844-45D0-8D23-F51304C43478}.Debug|Win32.Build.0 = Debug|Win32
		{C09EBA4A-9844-45D0-8D23-F51304C43478}.Release|Win32.ActiveCfg = Release|Win32
		{C09EBA4A-9844-45D0-8D23-F51304C43478}.Release|Win32.Build.0 = Release|Win32
	EndGlobalSection
	GlobalSection(SolutionProperties) = preSolution
		HideSolutionNode = FALSE
	EndGlobalSection
	GlobalSection(ExtensibilityGlobals) = postSolution
		SolutionGuid = {5E849262-7087-4EAA-8B45-FBEAF1F8DD13}
	EndGlobalSection
EndGlobal
