<?xml version="1.0" encoding="utf-8"?>
<Project ToolsVersion="4.0" xmlns="http://schemas.microsoft.com/developer/msbuild/2003">
  <ItemGroup>
    <Filter Include="Headers">
      <UniqueIdentifier>{ddf381af-d8b6-46e7-a1ed-bcd5eb56fb43}</UniqueIdentifier>
    </Filter>
    <Filter Include="Sources">
      <UniqueIdentifier>{231408a1-55ab-4ae2-945c-217d904a852e}</UniqueIdentifier>
    </Filter>
    <Filter Include="Includes">
      <UniqueIdentifier>{b748f06a-0105-4213-873c-417e4cc6e038}</UniqueIdentifier>
    </Filter>
  </ItemGroup>
  <ItemGroup>
    <ClCompile Include="Sources\capldll.cpp">
      <Filter>Sources</Filter>
    </ClCompile>
    <ClCompile Include="Sources\utils.cpp">
      <Filter>Sources</Filter>
    </ClCompile>
  </ItemGroup>
  <ItemGroup>
    <ClInclude Include="Headers\utils.h">
      <Filter>Headers</Filter>
    </ClInclude>
    <ClInclude Include="Headers\capldll.h">
      <Filter>Headers</Filter>
    </ClInclude>
    <ClInclude Include="Includes\cdll.h">
      <Filter>Includes</Filter>
    </ClInclude>
    <ClInclude Include="Includes\VIA.h">
      <Filter>Includes</Filter>
    </ClInclude>
    <ClInclude Include="Includes\VIA_CDLL.h">
      <Filter>Includes</Filter>
    </ClInclude>
  </ItemGroup>
</Project>